
Microsoft Visual Studio Solution File, Format Version 12.00
# Visual Studio Version 17
VisualStudioVersion = 17.8.34525.116
MinimumVisualStudioVersion = 10.0.40219.1
Project("{FAE04EC0-301F-11D3-BF4B-00C04F79EFBC}") = "Задание 2", "Задание 2\Задание 2.csproj", "{0AB3E5F3-0D97-4E2E-96CE-E83CDA4E4A9F}"
EndProject
Global
	GlobalSection(SolutionConfigurationPlatforms) = preSolution
		Debug|Any CPU = Debug|Any CPU
		Release|Any CPU = Release|Any CPU
	EndGlobalSection
	GlobalSection(ProjectConfigurationPlatforms) = postSolution
		{0AB3E5F3-0D97-4E2E-96CE-E83CDA4E4A9F}.Debug|Any CPU.ActiveCfg = Debug|Any CPU
		{0AB3E5F3-0D97-4E2E-96CE-E83CDA4E4A9F}.Debug|Any CPU.Build.0 = Debug|Any CPU
		{0AB3E5F3-0D97-4E2E-96CE-E83CDA4E4A9F}.Release|Any CPU.ActiveCfg = Release|Any CPU
		{0AB3E5F3-0D97-4E2E-96CE-E83CDA4E4A9F}.Release|Any CPU.Build.0 = Release|Any CPU
	EndGlobalSection
	GlobalSection(SolutionProperties) = preSolution
		HideSolutionNode = FALSE
	EndGlobalSection
	GlobalSection(ExtensibilityGlobals) = postSolution
		SolutionGuid = {73AF3203-9FE6-4855-A6FF-96FC38881E38}
	EndGlobalSection
EndGlobal
